
Microsoft Visual Studio Solution File, Format Version 12.00
# Visual Studio Version 17
VisualStudioVersion = 17.0.32112.339
MinimumVisualStudioVersion = 10.0.40219.1
Project("{FAE04EC0-301F-11D3-BF4B-00C04F79EFBC}") = "IdentityServerNet6", "IdentityServerNet6\IdentityServerNet6.csproj", "{BC31A178-22B3-4CF3-A175-0706028B006C}"
EndProject
Global
	GlobalSection(SolutionConfigurationPlatforms) = preSolution
		Debug|Any CPU = Debug|Any CPU
		Release|Any CPU = Release|Any CPU
	EndGlobalSection
	GlobalSection(ProjectConfigurationPlatforms) = postSolution
		{BC31A178-22B3-4CF3-A175-0706028B006C}.Debug|Any CPU.ActiveCfg = Debug|Any CPU
		{BC31A178-22B3-4CF3-A175-0706028B006C}.Debug|Any CPU.Build.0 = Debug|Any CPU
		{BC31A178-22B3-4CF3-A175-0706028B006C}.Release|Any CPU.ActiveCfg = Release|Any CPU
		{BC31A178-22B3-4CF3-A175-0706028B006C}.Release|Any CPU.Build.0 = Release|Any CPU
	EndGlobalSection
	GlobalSection(SolutionProperties) = preSolution
		HideSolutionNode = FALSE
	EndGlobalSection
	GlobalSection(ExtensibilityGlobals) = postSolution
		SolutionGuid = {3F1B9B9A-33DC-4ED8-A469-7031937FEB63}
	EndGlobalSection
EndGlobal
